{
  "name": "mapamisteriosapi",
  "version": "1.0.0",
  "lockfileVersion": 1,
  "requires": true,
  "dependencies": {
    "axios": {
      "version": "0.21.1",
      "resolved": "https://registry.npmjs.org/axios/-/axios-0.21.1.tgz",
      "integrity": "sha512-dKQiRHxGD9PPRIUNIWvZhPTPpl1rf/OxTYKsqKUDjBwYylTvV7SjSHJb9ratfyzM6wCdLCOYLzs73qpg5c4iGA==",
      "requires": {
        "follow-redirects": "^1.10.0"
      },
      "dependencies": {
        "follow-redirects": {
          "version": "1.13.1",
          "resolved": "https://registry.npmjs.org/follow-redirects/-/follow-redirects-1.13.1.tgz",
          "integrity": "sha512-SSG5xmZh1mkPGyKzjZP8zLjltIfpW32Y5QpdNJyjcfGxK3qo3NDDkZOZSFiGn1A6SclQxY9GzEwAHQ3dmYRWpg=="
        }
      }
    },
    "cors": {
      "version": "2.8.5",
      "resolved": "https://registry.npmjs.org/cors/-/cors-2.8.5.tgz",
      "integrity": "sha512-KIHbLJqu73RGr/hnbrO9uBeixNGuvSQjul/jdFvS/KFSIH1hWVd1ng7zOHx+YrEfInLG7q4n6GHQ9cDtxv/P6g=="
    },
    "dotenv": {
      "version": "8.0.0",
      "resolved": "https://registry.npmjs.org/dotenv/-/dotenv-8.0.0.tgz",
      "integrity": "sha512-30xVGqjLjiUOArT4+M5q9sYdvuR4riM6yK9wMcas9Vbp6zZa+ocC9dp6QoftuhTPhFAiLK/0C5Ni2nou/Bk8lg=="
    },
    "express": {
      "version": "4.17.1",
      "resolved": "https://registry.npmjs.org/express/-/express-4.17.1.tgz",
      "integrity": "sha512-mHJ9O79RqluphRrcw2X/GTh3k9tVv8YcoyY4Kkh4WDMUYKRZUq0h1o0w2rrrxBqM7VoeUVqgb27xlEMXTnYt4g=="
    },
    "firebase": {
      "version": "6.4.0",
      "resolved": "https://registry.npmjs.org/firebase/-/firebase-6.4.0.tgz",
      "integrity": "sha512-9ZzowmeBEGaHIiuJMVZL3oLkOvbNwRFAystAZi2ADqv0Kpo1cg3Anp5l1O+5ZILfG8a7/phr3nfsw/nGvf5gcQ=="
    },
    "firebase-admin": {
      "version": "8.3.0",
      "resolved": "https://registry.npmjs.org/firebase-admin/-/firebase-admin-8.3.0.tgz",
      "integrity": "sha512-ydjTudnWa6T1wZPdb+s4mQJ6NhHxvXkhMMHNV7inI3ZRFUfhovv77M4SDUbMND2SFMYvttyDuj66/EpcPzyXNg==",
      "dependencies": {
        "@firebase/database": {
          "version": "0.4.12",
          "resolved": "https://registry.npmjs.org/@firebase/database/-/database-0.4.12.tgz",
          "integrity": "sha512-CdPZU8kNYyvtTCr7fdLiM71EX9yooiKzpMLkTfL2ay7EfvSmnbSKPPCODYeUXvijfH6w2QSyoRsS69HIBaU3iA=="
        },
        "@types/node": {
          "version": "8.10.51",
          "resolved": "https://registry.npmjs.org/@types/node/-/node-8.10.51.tgz",
          "integrity": "sha512-cArrlJp3Yv6IyFT/DYe+rlO8o3SIHraALbBW/+CcCYW/a9QucpLI+n2p4sRxAvl2O35TiecpX2heSZtJjvEO+Q=="
        }
      }
    },
    "mongoose": {
      "version": "5.6.9",
      "resolved": "https://registry.npmjs.org/mongoose/-/mongoose-5.6.9.tgz",
      "integrity": "sha512-NRW5UJSmwyJxK+MRHmq+dQKgZqMZCpW1aPkpBZESqrrgF2J15Flo/4K3RYkSSQY7oKhfbgqZTPo+J1snJ3hJ3w==",
      "dependencies": {
        "ms": {
          "version": "2.1.2",
          "resolved": "https://registry.npmjs.org/ms/-/ms-2.1.2.tgz",
          "integrity": "sha512-sGkPx+VjMtmA6MX27oA4FBFELFCZZ4S4XqeGOXCv68tT+jb3vk/RyaKWP0PTKyWtmLSM0b+adUTEvbs1PEaH2w=="
        }
      }
    },
    "nodemon": {
      "version": "1.19.1",
      "resolved": "https://registry.npmjs.org/nodemon/-/nodemon-1.19.1.tgz",
      "integrity": "sha512-/DXLzd/GhiaDXXbGId5BzxP1GlsqtMGM9zTmkWrgXtSqjKmGSbLicM/oAy4FR0YWm14jCHRwnR31AHS2dYFHrg==",
      "dev": true,
      "dependencies": {
        "debug": {
          "version": "3.2.6",
          "resolved": "https://registry.npmjs.org/debug/-/debug-3.2.6.tgz",
          "integrity": "sha512-mel+jf7nrtEl5Pn1Qx46zARXKDpBbvzezse7p7LqINmdoIk8PYP5SySaxEmYv6TZ0JyEKA1hsCId6DIhgITtWQ=="
        },
        "ms": {
          "version": "2.1.2",
          "resolved": "https://registry.npmjs.org/ms/-/ms-2.1.2.tgz",
          "integrity": "sha512-sGkPx+VjMtmA6MX27oA4FBFELFCZZ4S4XqeGOXCv68tT+jb3vk/RyaKWP0PTKyWtmLSM0b+adUTEvbs1PEaH2w=="
        }
      }
    }
  }
}
